{
  "name": "social-media-microservices",
  "lockfileVersion": 3,
  "requires": true,
  "packages": {
    "": {
      "dependencies": {
        "rate-limiter-flexible": "^11.1.0"
      }
    },
    "node_modules/rate-limiter-flexible": {
      "version": "11.1.0",
      "resolved": "https://registry.npmjs.org/rate-limiter-flexible/-/rate-limiter-flexible-11.1.0.tgz",
      "integrity": "sha512-lyyC0SqKz+dE5JoHZ4JMqdrM3LSZKBxzuAFAyKCYAnmHnPz/Rb6iDquxoL4CMipDXoR0G+QRhOzYWL3JKihbNw==",
      "license": "ISC"
    }
  }
}
